# This file is automatically @generated by Cargo.
# It is not intended for manual editing.
version = 4

[[package]]
name = "converge-cli"
version = "0.1.0"
dependencies = [
 "converge-lang",
 "converge-sim",
]

[[package]]
name = "converge-lang"
version = "0.1.0"

[[package]]
name = "converge-sim"
version = "0.1.0"
dependencies = [
 "converge-lang",
]
